// !$*UTF8*$!
{
	archiveVersion = 1;
	classes = {
	};
	objectVersion = 77;
objects = {

/* Begin PBXBuildFile section */
        AAB100012F00000000000001 /* MediFastAppApp.swift in Sources */ = {isa = PBXBuildFile; fileRef = AAF100012F00000000000001 /* MediFastAppApp.swift */; };
        AAB100022F00000000000001 /* RootTabView.swift in Sources */ = {isa = PBXBuildFile; fileRef = AAF100022F00000000000001 /* RootTabView.swift */; };
        AAB100032F00000000000001 /* MeditationView.swift in Sources */ = {isa = PBXBuildFile; fileRef = AAF100032F00000000000001 /* MeditationView.swift */; };
        AAB100042F00000000000001 /* MeditationViewModel.swift in Sources */ = {isa = PBXBuildFile; fileRef = AAF100042F00000000000001 /* MeditationViewModel.swift */; };
        AAB100052F00000000000001 /* FocusModeView.swift in Sources */ = {isa = PBXBuildFile; fileRef = AAF100052F00000000000001 /* FocusModeView.swift */; };
        AAB100062F00000000000001 /* FastingView.swift in Sources */ = {isa = PBXBuildFile; fileRef = AAF100062F00000000000001 /* FastingView.swift */; };
        AAB100072F00000000000001 /* FastHistoryView.swift in Sources */ = {isa = PBXBuildFile; fileRef = AAF100072F00000000000001 /* FastHistoryView.swift */; };
        AAB100082F00000000000001 /* FastingViewModel.swift in Sources */ = {isa = PBXBuildFile; fileRef = AAF100082F00000000000001 /* FastingViewModel.swift */; };
        AAB100092F00000000000001 /* MeditationSettings.swift in Sources */ = {isa = PBXBuildFile; fileRef = AAF100092F00000000000001 /* MeditationSettings.swift */; };
        AAB1000A2F00000000000001 /* MeditationSession.swift in Sources */ = {isa = PBXBuildFile; fileRef = AAF1000A2F00000000000001 /* MeditationSession.swift */; };
        AAB1000B2F00000000000001 /* StreaksState.swift in Sources */ = {isa = PBXBuildFile; fileRef = AAF1000B2F00000000000001 /* StreaksState.swift */; };
        AAB1000C2F00000000000001 /* Fast.swift in Sources */ = {isa = PBXBuildFile; fileRef = AAF1000C2F00000000000001 /* Fast.swift */; };
        AAB1000D2F00000000000001 /* StorageProtocol.swift in Sources */ = {isa = PBXBuildFile; fileRef = AAF1000D2F00000000000001 /* StorageProtocol.swift */; };
        AAB1000E2F00000000000001 /* UDKeys.swift in Sources */ = {isa = PBXBuildFile; fileRef = AAF1000E2F00000000000001 /* UDKeys.swift */; };
        AAB1000F2F00000000000001 /* UserDefaultsStorage.swift in Sources */ = {isa = PBXBuildFile; fileRef = AAF1000F2F00000000000001 /* UserDefaultsStorage.swift */; };
        AAB100102F00000000000001 /* Haptics.swift in Sources */ = {isa = PBXBuildFile; fileRef = AAF100102F00000000000001 /* Haptics.swift */; };
        AAB100112F00000000000001 /* AudioPlayer.swift in Sources */ = {isa = PBXBuildFile; fileRef = AAF100112F00000000000001 /* AudioPlayer.swift */; };
        AAB100122F00000000000001 /* TimeFormatter.swift in Sources */ = {isa = PBXBuildFile; fileRef = AAF100122F00000000000001 /* TimeFormatter.swift */; };
        AAB100132F00000000000001 /* Sounds.swift in Sources */ = {isa = PBXBuildFile; fileRef = AAF100132F00000000000001 /* Sounds.swift */; };
        AAB100142F00000000000001 /* Assets.xcassets in Resources */ = {isa = PBXBuildFile; fileRef = AAF100142F00000000000001 /* Assets.xcassets */; };
        AAB100202F00000000000001 /* MediFastAppTests.swift in Sources */ = {isa = PBXBuildFile; fileRef = AAF100202F00000000000001 /* MediFastAppTests.swift */; };
        AAB100212F00000000000001 /* TimeMathTests.swift in Sources */ = {isa = PBXBuildFile; fileRef = AAF100212F00000000000001 /* TimeMathTests.swift */; };
        AAB100232F00000000000001 /* BreathingSetupView.swift in Sources */ = {isa = PBXBuildFile; fileRef = AAF100232F00000000000001 /* BreathingSetupView.swift */; };
        AAB100242F00000000000001 /* BreathingSessionView.swift in Sources */ = {isa = PBXBuildFile; fileRef = AAF100242F00000000000001 /* BreathingSessionView.swift */; };
        AAB100252F00000000000001 /* BreathingViewModel.swift in Sources */ = {isa = PBXBuildFile; fileRef = AAF100252F00000000000001 /* BreathingViewModel.swift */; };
        AAB100262F00000000000001 /* BreathingSettings.swift in Sources */ = {isa = PBXBuildFile; fileRef = AAF100262F00000000000001 /* BreathingSettings.swift */; };
        AAB100272F00000000000001 /* BreathingRoundResult.swift in Sources */ = {isa = PBXBuildFile; fileRef = AAF100272F00000000000001 /* BreathingRoundResult.swift */; };
        AAB100282F00000000000001 /* BreathingResultsView.swift in Sources */ = {isa = PBXBuildFile; fileRef = AAF100282F00000000000001 /* BreathingResultsView.swift */; };
/* End PBXBuildFile section */

/* Begin PBXContainerItemProxy section */
		32F42D8E2E64C8240037024A /* PBXContainerItemProxy */ = {
			isa = PBXContainerItemProxy;
			containerPortal = 32F42D772E64C8230037024A /* Project object */;
			proxyType = 1;
			remoteGlobalIDString = 32F42D7E2E64C8230037024A;
			remoteInfo = MediFastApp;
		};
		32F42D982E64C8240037024A /* PBXContainerItemProxy */ = {
			isa = PBXContainerItemProxy;
			containerPortal = 32F42D772E64C8230037024A /* Project object */;
			proxyType = 1;
			remoteGlobalIDString = 32F42D7E2E64C8230037024A;
			remoteInfo = MediFastApp;
		};
/* End PBXContainerItemProxy section */

/* Begin PBXFileReference section */
		32F42D7F2E64C8230037024A /* MediFastApp.app */ = {isa = PBXFileReference; explicitFileType = wrapper.application; includeInIndex = 0; path = MediFastApp.app; sourceTree = BUILT_PRODUCTS_DIR; };
		32F42D8D2E64C8240037024A /* MediFastAppTests.xctest */ = {isa = PBXFileReference; explicitFileType = wrapper.cfbundle; includeInIndex = 0; path = MediFastAppTests.xctest; sourceTree = BUILT_PRODUCTS_DIR; };
		32F42D972E64C8240037024A /* MediFastAppUITests.xctest */ = {isa = PBXFileReference; explicitFileType = wrapper.cfbundle; includeInIndex = 0; path = MediFastAppUITests.xctest; sourceTree = BUILT_PRODUCTS_DIR; };
        AAF100232F00000000000001 /* BreathingSetupView.swift */ = {isa = PBXFileReference; lastKnownFileType = sourcecode.swift; name = BreathingSetupView.swift; path = MediFastApp/Features/Breathing/BreathingSetupView.swift; sourceTree = SOURCE_ROOT; };
        AAF100242F00000000000001 /* BreathingSessionView.swift */ = {isa = PBXFileReference; lastKnownFileType = sourcecode.swift; name = BreathingSessionView.swift; path = MediFastApp/Features/Breathing/BreathingSessionView.swift; sourceTree = SOURCE_ROOT; };
        AAF100252F00000000000001 /* BreathingViewModel.swift */ = {isa = PBXFileReference; lastKnownFileType = sourcecode.swift; name = BreathingViewModel.swift; path = MediFastApp/Features/Breathing/BreathingViewModel.swift; sourceTree = SOURCE_ROOT; };
        AAF100262F00000000000001 /* BreathingSettings.swift */ = {isa = PBXFileReference; lastKnownFileType = sourcecode.swift; name = BreathingSettings.swift; path = MediFastApp/Models/BreathingSettings.swift; sourceTree = SOURCE_ROOT; };
        AAF100272F00000000000001 /* BreathingRoundResult.swift */ = {isa = PBXFileReference; lastKnownFileType = sourcecode.swift; name = BreathingRoundResult.swift; path = MediFastApp/Models/BreathingRoundResult.swift; sourceTree = SOURCE_ROOT; };
        AAF100282F00000000000001 /* BreathingResultsView.swift */ = {isa = PBXFileReference; lastKnownFileType = sourcecode.swift; name = BreathingResultsView.swift; path = MediFastApp/Features/Breathing/BreathingResultsView.swift; sourceTree = SOURCE_ROOT; };
/* End PBXFileReference section */

/* Begin PBXFileSystemSynchronizedRootGroup section */
/* End PBXFileSystemSynchronizedRootGroup section */

/* Begin PBXFrameworksBuildPhase section */
		32F42D7C2E64C8230037024A /* Frameworks */ = {
			isa = PBXFrameworksBuildPhase;
			buildActionMask = 2147483647;
			files = (
			);
			runOnlyForDeploymentPostprocessing = 0;
		};
		32F42D8A2E64C8240037024A /* Frameworks */ = {
			isa = PBXFrameworksBuildPhase;
			buildActionMask = 2147483647;
			files = (
			);
			runOnlyForDeploymentPostprocessing = 0;
		};
		32F42D942E64C8240037024A /* Frameworks */ = {
			isa = PBXFrameworksBuildPhase;
			buildActionMask = 2147483647;
			files = (
			);
			runOnlyForDeploymentPostprocessing = 0;
		};
/* End PBXFrameworksBuildPhase section */

/* Begin PBXGroup section */
		32F42D762E64C8230037024A = {
			isa = PBXGroup;
					children = (
						AAG100012F00000000000001 /* AppClassic */,
						AAG100022F00000000000001 /* TestsClassic */,
						32F42D802E64C8230037024A /* Products */,
					);
			sourceTree = "<group>";
		};
			32F42D802E64C8230037024A /* Products */ = {
				isa = PBXGroup;
			children = (
				32F42D7F2E64C8230037024A /* MediFastApp.app */,
				32F42D8D2E64C8240037024A /* MediFastAppTests.xctest */,
				32F42D972E64C8240037024A /* MediFastAppUITests.xctest */,
			);
			name = Products;
			sourceTree = "<group>";
		};
/* End PBXGroup section */

/* Begin PBXNativeTarget section */
		32F42D7E2E64C8230037024A /* MediFastApp */ = {
			isa = PBXNativeTarget;
			buildConfigurationList = 32F42DA12E64C8240037024A /* Build configuration list for PBXNativeTarget "MediFastApp" */;
			buildPhases = (
				32F42D7B2E64C8230037024A /* Sources */,
				32F42D7C2E64C8230037024A /* Frameworks */,
				32F42D7D2E64C8230037024A /* Resources */,
			);
			buildRules = (
			);
			dependencies = (
			);

			name = MediFastApp;
			packageProductDependencies = (
			);
			productName = MediFastApp;
			productReference = 32F42D7F2E64C8230037024A /* MediFastApp.app */;
			productType = "com.apple.product-type.application";
		};
		32F42D8C2E64C8240037024A /* MediFastAppTests */ = {
			isa = PBXNativeTarget;
			buildConfigurationList = 32F42DA42E64C8240037024A /* Build configuration list for PBXNativeTarget "MediFastAppTests" */;
			buildPhases = (
				32F42D892E64C8240037024A /* Sources */,
				32F42D8A2E64C8240037024A /* Frameworks */,
				32F42D8B2E64C8240037024A /* Resources */,
			);
			buildRules = (
			);
			dependencies = (
				32F42D8F2E64C8240037024A /* PBXTargetDependency */,
			);

			name = MediFastAppTests;
			packageProductDependencies = (
			);
			productName = MediFastAppTests;
			productReference = 32F42D8D2E64C8240037024A /* MediFastAppTests.xctest */;
			productType = "com.apple.product-type.bundle.unit-test";
		};
		32F42D962E64C8240037024A /* MediFastAppUITests */ = {
			isa = PBXNativeTarget;
			buildConfigurationList = 32F42DA72E64C8240037024A /* Build configuration list for PBXNativeTarget "MediFastAppUITests" */;
			buildPhases = (
				32F42D932E64C8240037024A /* Sources */,
				32F42D942E64C8240037024A /* Frameworks */,
				32F42D952E64C8240037024A /* Resources */,
			);
			buildRules = (
			);
			dependencies = (
				32F42D992E64C8240037024A /* PBXTargetDependency */,
			);

			name = MediFastAppUITests;
			packageProductDependencies = (
			);
			productName = MediFastAppUITests;
			productReference = 32F42D972E64C8240037024A /* MediFastAppUITests.xctest */;
			productType = "com.apple.product-type.bundle.ui-testing";
		};
/* End PBXNativeTarget section */

/* Begin PBXProject section */
		32F42D772E64C8230037024A /* Project object */ = {
			isa = PBXProject;
			attributes = {
				BuildIndependentTargetsInParallel = 1;
				LastSwiftUpdateCheck = 1640;
				LastUpgradeCheck = 1640;
				TargetAttributes = {
					32F42D7E2E64C8230037024A = {
						CreatedOnToolsVersion = 16.4;
					};
					32F42D8C2E64C8240037024A = {
						CreatedOnToolsVersion = 16.4;
						TestTargetID = 32F42D7E2E64C8230037024A;
					};
					32F42D962E64C8240037024A = {
						CreatedOnToolsVersion = 16.4;
						TestTargetID = 32F42D7E2E64C8230037024A;
					};
				};
			};
			AAG100012F00000000000001 /* AppClassic */ = {
				isa = PBXGroup;
				children = (
					AAF100142F00000000000001 /* Assets.xcassets */,
					AAF100012F00000000000001 /* MediFastAppApp.swift */,
					AAF100022F00000000000001 /* RootTabView.swift */,
					AAF100032F00000000000001 /* MeditationView.swift */,
					AAF100042F00000000000001 /* MeditationViewModel.swift */,
					AAF100052F00000000000001 /* FocusModeView.swift */,
					AAF100062F00000000000001 /* FastingView.swift */,
					AAF100072F00000000000001 /* FastHistoryView.swift */,
					AAF100082F00000000000001 /* FastingViewModel.swift */,
					AAF100092F00000000000001 /* MeditationSettings.swift */,
					AAF1000A2F00000000000001 /* MeditationSession.swift */,
					AAF1000B2F00000000000001 /* StreaksState.swift */,
					AAF1000C2F00000000000001 /* Fast.swift */,
					AAF1000D2F00000000000001 /* StorageProtocol.swift */,
					AAF1000E2F00000000000001 /* UDKeys.swift */,
					AAF1000F2F00000000000001 /* UserDefaultsStorage.swift */,
					AAF100102F00000000000001 /* Haptics.swift */,
					AAF100112F00000000000001 /* AudioPlayer.swift */,
					AAF100122F00000000000001 /* TimeFormatter.swift */,
                AAF100132F00000000000001 /* Sounds.swift */,
                    AAF100232F00000000000001 /* BreathingSetupView.swift */,
                    AAF100242F00000000000001 /* BreathingSessionView.swift */,
                    AAF100282F00000000000001 /* BreathingResultsView.swift */,
                    AAF100252F00000000000001 /* BreathingViewModel.swift */,
                    AAF100262F00000000000001 /* BreathingSettings.swift */,
                    AAF100272F00000000000001 /* BreathingRoundResult.swift */,
                );
				name = AppClassic;
				path = MediFastApp/MediFastApp;
				sourceTree = "<group>";
			};
			AAG100022F00000000000001 /* TestsClassic */ = {
				isa = PBXGroup;
				children = (
					AAF100202F00000000000001 /* MediFastAppTests.swift */,
					AAF100212F00000000000001 /* TimeMathTests.swift */,
				);
				name = TestsClassic;
				path = MediFastAppTests;
				sourceTree = "<group>";
			};
			buildConfigurationList = 32F42D7A2E64C8230037024A /* Build configuration list for PBXProject "MediFastApp" */;
			developmentRegion = en;
			hasScannedForEncodings = 0;
			knownRegions = (
				en,
				Base,
			);
			mainGroup = 32F42D762E64C8230037024A;
			minimizedProjectReferenceProxies = 1;
			preferredProjectObjectVersion = 77;
			productRefGroup = 32F42D802E64C8230037024A /* Products */;
			projectDirPath = "";
			projectRoot = "";
			targets = (
				32F42D7E2E64C8230037024A /* MediFastApp */,
				32F42D8C2E64C8240037024A /* MediFastAppTests */,
				32F42D962E64C8240037024A /* MediFastAppUITests */,
			);
		};
/* End PBXProject section */

/* Begin PBXResourcesBuildPhase section */
		32F42D7D2E64C8230037024A /* Resources */ = {
			isa = PBXResourcesBuildPhase;
			buildActionMask = 2147483647;
			files = (
				AAB100142F00000000000001 /* Assets.xcassets in Resources */,
			);
			runOnlyForDeploymentPostprocessing = 0;
		};
		32F42D8B2E64C8240037024A /* Resources */ = {
			isa = PBXResourcesBuildPhase;
			buildActionMask = 2147483647;
			files = (
			);
			runOnlyForDeploymentPostprocessing = 0;
		};
		32F42D952E64C8240037024A /* Resources */ = {
			isa = PBXResourcesBuildPhase;
			buildActionMask = 2147483647;
			files = (
			);
			runOnlyForDeploymentPostprocessing = 0;
		};
/* End PBXResourcesBuildPhase section */

/* Begin PBXSourcesBuildPhase section */
		32F42D7B2E64C8230037024A /* Sources */ = {
			isa = PBXSourcesBuildPhase;
			buildActionMask = 2147483647;
			files = (
				AAB100012F00000000000001 /* MediFastAppApp.swift in Sources */,
				AAB100022F00000000000001 /* RootTabView.swift in Sources */,
				AAB100032F00000000000001 /* MeditationView.swift in Sources */,
				AAB100042F00000000000001 /* MeditationViewModel.swift in Sources */,
				AAB100052F00000000000001 /* FocusModeView.swift in Sources */,
				AAB100062F00000000000001 /* FastingView.swift in Sources */,
				AAB100072F00000000000001 /* FastHistoryView.swift in Sources */,
				AAB100082F00000000000001 /* FastingViewModel.swift in Sources */,
				AAB100092F00000000000001 /* MeditationSettings.swift in Sources */,
				AAB1000A2F00000000000001 /* MeditationSession.swift in Sources */,
				AAB1000B2F00000000000001 /* StreaksState.swift in Sources */,
				AAB1000C2F00000000000001 /* Fast.swift in Sources */,
				AAB1000D2F00000000000001 /* StorageProtocol.swift in Sources */,
				AAB1000E2F00000000000001 /* UDKeys.swift in Sources */,
				AAB1000F2F00000000000001 /* UserDefaultsStorage.swift in Sources */,
				AAB100102F00000000000001 /* Haptics.swift in Sources */,
				AAB100112F00000000000001 /* AudioPlayer.swift in Sources */,
				AAB100122F00000000000001 /* TimeFormatter.swift in Sources */,
                AAB100132F00000000000001 /* Sounds.swift in Sources */,
                AAB100232F00000000000001 /* BreathingSetupView.swift in Sources */,
                AAB100242F00000000000001 /* BreathingSessionView.swift in Sources */,
                AAB100282F00000000000001 /* BreathingResultsView.swift in Sources */,
                AAB100252F00000000000001 /* BreathingViewModel.swift in Sources */,
                AAB100262F00000000000001 /* BreathingSettings.swift in Sources */,
                AAB100272F00000000000001 /* BreathingRoundResult.swift in Sources */,
            );
			runOnlyForDeploymentPostprocessing = 0;
		};
		32F42D892E64C8240037024A /* Sources */ = {
			isa = PBXSourcesBuildPhase;
			buildActionMask = 2147483647;
			files = (
				AAB100202F00000000000001 /* MediFastAppTests.swift in Sources */,
				AAB100212F00000000000001 /* TimeMathTests.swift in Sources */,
			);
			runOnlyForDeploymentPostprocessing = 0;
		};
		32F42D932E64C8240037024A /* Sources */ = {
			isa = PBXSourcesBuildPhase;
			buildActionMask = 2147483647;
			files = (
			);
			runOnlyForDeploymentPostprocessing = 0;
		};
/* End PBXSourcesBuildPhase section */

/* Begin PBXTargetDependency section */
		32F42D8F2E64C8240037024A /* PBXTargetDependency */ = {
			isa = PBXTargetDependency;
			target = 32F42D7E2E64C8230037024A /* MediFastApp */;
			targetProxy = 32F42D8E2E64C8240037024A /* PBXContainerItemProxy */;
		};
		32F42D992E64C8240037024A /* PBXTargetDependency */ = {
			isa = PBXTargetDependency;
			target = 32F42D7E2E64C8230037024A /* MediFastApp */;
			targetProxy = 32F42D982E64C8240037024A /* PBXContainerItemProxy */;
		};
/* End PBXTargetDependency section */

/* Begin XCBuildConfiguration section */
		32F42D9F2E64C8240037024A /* Debug */ = {
			isa = XCBuildConfiguration;
			buildSettings = {
				ALWAYS_SEARCH_USER_PATHS = NO;
				ASSETCATALOG_COMPILER_GENERATE_SWIFT_ASSET_SYMBOL_EXTENSIONS = YES;
				CLANG_ANALYZER_NONNULL = YES;
				CLANG_ANALYZER_NUMBER_OBJECT_CONVERSION = YES_AGGRESSIVE;
				CLANG_CXX_LANGUAGE_STANDARD = "gnu++20";
				CLANG_ENABLE_MODULES = YES;
				CLANG_ENABLE_OBJC_ARC = YES;
				CLANG_ENABLE_OBJC_WEAK = YES;
				CLANG_WARN_BLOCK_CAPTURE_AUTORELEASING = YES;
				CLANG_WARN_BOOL_CONVERSION = YES;
				CLANG_WARN_COMMA = YES;
				CLANG_WARN_CONSTANT_CONVERSION = YES;
				CLANG_WARN_DEPRECATED_OBJC_IMPLEMENTATIONS = YES;
				CLANG_WARN_DIRECT_OBJC_ISA_USAGE = YES_ERROR;
				CLANG_WARN_DOCUMENTATION_COMMENTS = YES;
				CLANG_WARN_EMPTY_BODY = YES;
				CLANG_WARN_ENUM_CONVERSION = YES;
				CLANG_WARN_INFINITE_RECURSION = YES;
				CLANG_WARN_INT_CONVERSION = YES;
				CLANG_WARN_NON_LITERAL_NULL_CONVERSION = YES;
				CLANG_WARN_OBJC_IMPLICIT_RETAIN_SELF = YES;
				CLANG_WARN_OBJC_LITERAL_CONVERSION = YES;
				CLANG_WARN_OBJC_ROOT_CLASS = YES_ERROR;
				CLANG_WARN_QUOTED_INCLUDE_IN_FRAMEWORK_HEADER = YES;
				CLANG_WARN_RANGE_LOOP_ANALYSIS = YES;
				CLANG_WARN_STRICT_PROTOTYPES = YES;
				CLANG_WARN_SUSPICIOUS_MOVE = YES;
				CLANG_WARN_UNGUARDED_AVAILABILITY = YES_AGGRESSIVE;
				CLANG_WARN_UNREACHABLE_CODE = YES;
				CLANG_WARN__DUPLICATE_METHOD_MATCH = YES;
				COPY_PHASE_STRIP = NO;
				DEBUG_INFORMATION_FORMAT = dwarf;
				ENABLE_STRICT_OBJC_MSGSEND = YES;
				ENABLE_TESTABILITY = YES;
				ENABLE_USER_SCRIPT_SANDBOXING = YES;
				GCC_C_LANGUAGE_STANDARD = gnu17;
				GCC_DYNAMIC_NO_PIC = NO;
				GCC_NO_COMMON_BLOCKS = YES;
				GCC_OPTIMIZATION_LEVEL = 0;
				GCC_PREPROCESSOR_DEFINITIONS = (
					"DEBUG=1",
					"$(inherited)",
				);
				GCC_WARN_64_TO_32_BIT_CONVERSION = YES;
				GCC_WARN_ABOUT_RETURN_TYPE = YES_ERROR;
				GCC_WARN_UNDECLARED_SELECTOR = YES;
				GCC_WARN_UNINITIALIZED_AUTOS = YES_AGGRESSIVE;
				GCC_WARN_UNUSED_FUNCTION = YES;
				GCC_WARN_UNUSED_VARIABLE = YES;
				LOCALIZATION_PREFERS_STRING_CATALOGS = YES;
				MTL_ENABLE_DEBUG_INFO = INCLUDE_SOURCE;
				MTL_FAST_MATH = YES;
				ONLY_ACTIVE_ARCH = YES;
				SWIFT_ACTIVE_COMPILATION_CONDITIONS = "DEBUG $(inherited)";
				SWIFT_OPTIMIZATION_LEVEL = "-Onone";
			};
			name = Debug;
		};
		32F42DA02E64C8240037024A /* Release */ = {
			isa = XCBuildConfiguration;
			buildSettings = {
				ALWAYS_SEARCH_USER_PATHS = NO;
				ASSETCATALOG_COMPILER_GENERATE_SWIFT_ASSET_SYMBOL_EXTENSIONS = YES;
				CLANG_ANALYZER_NONNULL = YES;
				CLANG_ANALYZER_NUMBER_OBJECT_CONVERSION = YES_AGGRESSIVE;
				CLANG_CXX_LANGUAGE_STANDARD = "gnu++20";
				CLANG_ENABLE_MODULES = YES;
				CLANG_ENABLE_OBJC_ARC = YES;
				CLANG_ENABLE_OBJC_WEAK = YES;
				CLANG_WARN_BLOCK_CAPTURE_AUTORELEASING = YES;
				CLANG_WARN_BOOL_CONVERSION = YES;
				CLANG_WARN_COMMA = YES;
				CLANG_WARN_CONSTANT_CONVERSION = YES;
				CLANG_WARN_DEPRECATED_OBJC_IMPLEMENTATIONS = YES;
				CLANG_WARN_DIRECT_OBJC_ISA_USAGE = YES_ERROR;
				CLANG_WARN_DOCUMENTATION_COMMENTS = YES;
				CLANG_WARN_EMPTY_BODY = YES;
				CLANG_WARN_ENUM_CONVERSION = YES;
				CLANG_WARN_INFINITE_RECURSION = YES;
				CLANG_WARN_INT_CONVERSION = YES;
				CLANG_WARN_NON_LITERAL_NULL_CONVERSION = YES;
				CLANG_WARN_OBJC_IMPLICIT_RETAIN_SELF = YES;
				CLANG_WARN_OBJC_LITERAL_CONVERSION = YES;
				CLANG_WARN_OBJC_ROOT_CLASS = YES_ERROR;
				CLANG_WARN_QUOTED_INCLUDE_IN_FRAMEWORK_HEADER = YES;
				CLANG_WARN_RANGE_LOOP_ANALYSIS = YES;
				CLANG_WARN_STRICT_PROTOTYPES = YES;
				CLANG_WARN_SUSPICIOUS_MOVE = YES;
				CLANG_WARN_UNGUARDED_AVAILABILITY = YES_AGGRESSIVE;
				CLANG_WARN_UNREACHABLE_CODE = YES;
				CLANG_WARN__DUPLICATE_METHOD_MATCH = YES;
				COPY_PHASE_STRIP = NO;
				DEBUG_INFORMATION_FORMAT = "dwarf-with-dsym";
				ENABLE_NS_ASSERTIONS = NO;
				ENABLE_STRICT_OBJC_MSGSEND = YES;
				ENABLE_USER_SCRIPT_SANDBOXING = YES;
				GCC_C_LANGUAGE_STANDARD = gnu17;
				GCC_NO_COMMON_BLOCKS = YES;
				GCC_WARN_64_TO_32_BIT_CONVERSION = YES;
				GCC_WARN_ABOUT_RETURN_TYPE = YES_ERROR;
				GCC_WARN_UNDECLARED_SELECTOR = YES;
				GCC_WARN_UNINITIALIZED_AUTOS = YES_AGGRESSIVE;
				GCC_WARN_UNUSED_FUNCTION = YES;
				GCC_WARN_UNUSED_VARIABLE = YES;
				LOCALIZATION_PREFERS_STRING_CATALOGS = YES;
				MTL_ENABLE_DEBUG_INFO = NO;
				MTL_FAST_MATH = YES;
				SWIFT_COMPILATION_MODE = wholemodule;
			};
			name = Release;
		};
		32F42DA22E64C8240037024A /* Debug */ = {
			isa = XCBuildConfiguration;
			buildSettings = {
				ASSETCATALOG_COMPILER_APPICON_NAME = AppIcon;
				ASSETCATALOG_COMPILER_GLOBAL_ACCENT_COLOR_NAME = AccentColor;
				CODE_SIGN_ENTITLEMENTS = MediFastApp/MediFastApp.entitlements;
				CODE_SIGN_STYLE = Automatic;
				CURRENT_PROJECT_VERSION = 1;
				ENABLE_PREVIEWS = YES;
				GENERATE_INFOPLIST_FILE = YES;
				"INFOPLIST_KEY_UIApplicationSceneManifest_Generation[sdk=iphoneos*]" = YES;
				"INFOPLIST_KEY_UIApplicationSceneManifest_Generation[sdk=iphonesimulator*]" = YES;
				"INFOPLIST_KEY_UIApplicationSupportsIndirectInputEvents[sdk=iphoneos*]" = YES;
				"INFOPLIST_KEY_UIApplicationSupportsIndirectInputEvents[sdk=iphonesimulator*]" = YES;
				"INFOPLIST_KEY_UILaunchScreen_Generation[sdk=iphoneos*]" = YES;
				"INFOPLIST_KEY_UILaunchScreen_Generation[sdk=iphonesimulator*]" = YES;
				"INFOPLIST_KEY_UIStatusBarStyle[sdk=iphoneos*]" = UIStatusBarStyleDefault;
				"INFOPLIST_KEY_UIStatusBarStyle[sdk=iphonesimulator*]" = UIStatusBarStyleDefault;
				INFOPLIST_KEY_UISupportedInterfaceOrientations_iPad = "UIInterfaceOrientationPortrait UIInterfaceOrientationPortraitUpsideDown UIInterfaceOrientationLandscapeLeft UIInterfaceOrientationLandscapeRight";
				INFOPLIST_KEY_UISupportedInterfaceOrientations_iPhone = "UIInterfaceOrientationPortrait UIInterfaceOrientationLandscapeLeft UIInterfaceOrientationLandscapeRight";
				IPHONEOS_DEPLOYMENT_TARGET = 17.0;
				LD_RUNPATH_SEARCH_PATHS = "@executable_path/Frameworks";
				"LD_RUNPATH_SEARCH_PATHS[sdk=macosx*]" = "@executable_path/../Frameworks";
				MACOSX_DEPLOYMENT_TARGET = 15.5;
				MARKETING_VERSION = 1.0;
				PRODUCT_BUNDLE_IDENTIFIER = com.marcossalama.MediFastApp;
				PRODUCT_NAME = "$(TARGET_NAME)";
				REGISTER_APP_GROUPS = YES;
				SDKROOT = auto;
				SUPPORTED_PLATFORMS = "iphoneos iphonesimulator macosx xros xrsimulator";
				SWIFT_EMIT_LOC_STRINGS = YES;
				SWIFT_VERSION = 5.0;
				TARGETED_DEVICE_FAMILY = "1,2,7";
				XROS_DEPLOYMENT_TARGET = 2.5;
			};
			name = Debug;
		};
		32F42DA32E64C8240037024A /* Release */ = {
			isa = XCBuildConfiguration;
			buildSettings = {
				ASSETCATALOG_COMPILER_APPICON_NAME = AppIcon;
				ASSETCATALOG_COMPILER_GLOBAL_ACCENT_COLOR_NAME = AccentColor;
				CODE_SIGN_ENTITLEMENTS = MediFastApp/MediFastApp.entitlements;
				CODE_SIGN_STYLE = Automatic;
				CURRENT_PROJECT_VERSION = 1;
				ENABLE_PREVIEWS = YES;
				GENERATE_INFOPLIST_FILE = YES;
				"INFOPLIST_KEY_UIApplicationSceneManifest_Generation[sdk=iphoneos*]" = YES;
				"INFOPLIST_KEY_UIApplicationSceneManifest_Generation[sdk=iphonesimulator*]" = YES;
				"INFOPLIST_KEY_UIApplicationSupportsIndirectInputEvents[sdk=iphoneos*]" = YES;
				"INFOPLIST_KEY_UIApplicationSupportsIndirectInputEvents[sdk=iphonesimulator*]" = YES;
				"INFOPLIST_KEY_UILaunchScreen_Generation[sdk=iphoneos*]" = YES;
				"INFOPLIST_KEY_UILaunchScreen_Generation[sdk=iphonesimulator*]" = YES;
				"INFOPLIST_KEY_UIStatusBarStyle[sdk=iphoneos*]" = UIStatusBarStyleDefault;
				"INFOPLIST_KEY_UIStatusBarStyle[sdk=iphonesimulator*]" = UIStatusBarStyleDefault;
				INFOPLIST_KEY_UISupportedInterfaceOrientations_iPad = "UIInterfaceOrientationPortrait UIInterfaceOrientationPortraitUpsideDown UIInterfaceOrientationLandscapeLeft UIInterfaceOrientationLandscapeRight";
				INFOPLIST_KEY_UISupportedInterfaceOrientations_iPhone = "UIInterfaceOrientationPortrait UIInterfaceOrientationLandscapeLeft UIInterfaceOrientationLandscapeRight";
				IPHONEOS_DEPLOYMENT_TARGET = 17.0;
				LD_RUNPATH_SEARCH_PATHS = "@executable_path/Frameworks";
				"LD_RUNPATH_SEARCH_PATHS[sdk=macosx*]" = "@executable_path/../Frameworks";
				MACOSX_DEPLOYMENT_TARGET = 15.5;
				MARKETING_VERSION = 1.0;
				PRODUCT_BUNDLE_IDENTIFIER = com.marcossalama.MediFastApp;
				PRODUCT_NAME = "$(TARGET_NAME)";
				REGISTER_APP_GROUPS = YES;
				SDKROOT = auto;
				SUPPORTED_PLATFORMS = "iphoneos iphonesimulator macosx xros xrsimulator";
				SWIFT_EMIT_LOC_STRINGS = YES;
				SWIFT_VERSION = 5.0;
				TARGETED_DEVICE_FAMILY = "1,2,7";
				XROS_DEPLOYMENT_TARGET = 2.5;
			};
			name = Release;
		};
		32F42DA52E64C8240037024A /* Debug */ = {
			isa = XCBuildConfiguration;
			buildSettings = {
				BUNDLE_LOADER = "$(TEST_HOST)";
				CODE_SIGN_STYLE = Automatic;
				CURRENT_PROJECT_VERSION = 1;
				GENERATE_INFOPLIST_FILE = YES;
				IPHONEOS_DEPLOYMENT_TARGET = 17.0;
				MACOSX_DEPLOYMENT_TARGET = 15.5;
				MARKETING_VERSION = 1.0;
				PRODUCT_BUNDLE_IDENTIFIER = com.marcossalama.MediFastAppTests;
				PRODUCT_NAME = "$(TARGET_NAME)";
				SDKROOT = auto;
				SUPPORTED_PLATFORMS = "iphoneos iphonesimulator macosx xros xrsimulator";
				SWIFT_EMIT_LOC_STRINGS = NO;
				SWIFT_VERSION = 5.0;
				TARGETED_DEVICE_FAMILY = "1,2,7";
				TEST_HOST = "$(BUILT_PRODUCTS_DIR)/MediFastApp.app/$(BUNDLE_EXECUTABLE_FOLDER_PATH)/MediFastApp";
				XROS_DEPLOYMENT_TARGET = 2.5;
			};
			name = Debug;
		};
		32F42DA62E64C8240037024A /* Release */ = {
			isa = XCBuildConfiguration;
			buildSettings = {
				BUNDLE_LOADER = "$(TEST_HOST)";
				CODE_SIGN_STYLE = Automatic;
				CURRENT_PROJECT_VERSION = 1;
				GENERATE_INFOPLIST_FILE = YES;
				IPHONEOS_DEPLOYMENT_TARGET = 17.0;
				MACOSX_DEPLOYMENT_TARGET = 15.5;
				MARKETING_VERSION = 1.0;
				PRODUCT_BUNDLE_IDENTIFIER = com.marcossalama.MediFastAppTests;
				PRODUCT_NAME = "$(TARGET_NAME)";
				SDKROOT = auto;
				SUPPORTED_PLATFORMS = "iphoneos iphonesimulator macosx xros xrsimulator";
				SWIFT_EMIT_LOC_STRINGS = NO;
				SWIFT_VERSION = 5.0;
				TARGETED_DEVICE_FAMILY = "1,2,7";
				TEST_HOST = "$(BUILT_PRODUCTS_DIR)/MediFastApp.app/$(BUNDLE_EXECUTABLE_FOLDER_PATH)/MediFastApp";
				XROS_DEPLOYMENT_TARGET = 2.5;
			};
			name = Release;
		};
		32F42DA82E64C8240037024A /* Debug */ = {
			isa = XCBuildConfiguration;
			buildSettings = {
				CODE_SIGN_STYLE = Automatic;
				CURRENT_PROJECT_VERSION = 1;
				GENERATE_INFOPLIST_FILE = YES;
				IPHONEOS_DEPLOYMENT_TARGET = 17.0;
				MACOSX_DEPLOYMENT_TARGET = 15.5;
				MARKETING_VERSION = 1.0;
				PRODUCT_BUNDLE_IDENTIFIER = com.marcossalama.MediFastAppUITests;
				PRODUCT_NAME = "$(TARGET_NAME)";
				SDKROOT = auto;
				SUPPORTED_PLATFORMS = "iphoneos iphonesimulator macosx xros xrsimulator";
				SWIFT_EMIT_LOC_STRINGS = NO;
				SWIFT_VERSION = 5.0;
				TARGETED_DEVICE_FAMILY = "1,2,7";
				TEST_TARGET_NAME = MediFastApp;
				XROS_DEPLOYMENT_TARGET = 2.5;
			};
			name = Debug;
		};
		32F42DA92E64C8240037024A /* Release */ = {
			isa = XCBuildConfiguration;
			buildSettings = {
				CODE_SIGN_STYLE = Automatic;
				CURRENT_PROJECT_VERSION = 1;
				GENERATE_INFOPLIST_FILE = YES;
				IPHONEOS_DEPLOYMENT_TARGET = 17.0;
				MACOSX_DEPLOYMENT_TARGET = 15.5;
				MARKETING_VERSION = 1.0;
				PRODUCT_BUNDLE_IDENTIFIER = com.marcossalama.MediFastAppUITests;
				PRODUCT_NAME = "$(TARGET_NAME)";
				SDKROOT = auto;
				SUPPORTED_PLATFORMS = "iphoneos iphonesimulator macosx xros xrsimulator";
				SWIFT_EMIT_LOC_STRINGS = NO;
				SWIFT_VERSION = 5.0;
				TARGETED_DEVICE_FAMILY = "1,2,7";
				TEST_TARGET_NAME = MediFastApp;
				XROS_DEPLOYMENT_TARGET = 2.5;
			};
			name = Release;
		};
/* End XCBuildConfiguration section */

/* Begin XCConfigurationList section */
		32F42D7A2E64C8230037024A /* Build configuration list for PBXProject "MediFastApp" */ = {
			isa = XCConfigurationList;
			buildConfigurations = (
				32F42D9F2E64C8240037024A /* Debug */,
				32F42DA02E64C8240037024A /* Release */,
			);
			defaultConfigurationIsVisible = 0;
			defaultConfigurationName = Release;
		};
		32F42DA12E64C8240037024A /* Build configuration list for PBXNativeTarget "MediFastApp" */ = {
			isa = XCConfigurationList;
			buildConfigurations = (
				32F42DA22E64C8240037024A /* Debug */,
				32F42DA32E64C8240037024A /* Release */,
			);
			defaultConfigurationIsVisible = 0;
			defaultConfigurationName = Release;
		};
		32F42DA42E64C8240037024A /* Build configuration list for PBXNativeTarget "MediFastAppTests" */ = {
			isa = XCConfigurationList;
			buildConfigurations = (
				32F42DA52E64C8240037024A /* Debug */,
				32F42DA62E64C8240037024A /* Release */,
			);
			defaultConfigurationIsVisible = 0;
			defaultConfigurationName = Release;
		};
		32F42DA72E64C8240037024A /* Build configuration list for PBXNativeTarget "MediFastAppUITests" */ = {
			isa = XCConfigurationList;
			buildConfigurations = (
				32F42DA82E64C8240037024A /* Debug */,
				32F42DA92E64C8240037024A /* Release */,
			);
			defaultConfigurationIsVisible = 0;
			defaultConfigurationName = Release;
		};
/* End XCConfigurationList section */
	};
	rootObject = 32F42D772E64C8230037024A /* Project object */;
}
